
Microsoft Visual Studio Solution File, Format Version 12.00
# Visual Studio 15
VisualStudioVersion = 15.0.26228.4
MinimumVisualStudioVersion = 10.0.40219.1
Project("{2150E333-8FDC-42A3-9474-1A3956D46DE8}") = "src", "src", "{CFA2E101-44DC-48CA-AB37-D3D01FE530D8}"
EndProject
Project("{FAE04EC0-301F-11D3-BF4B-00C04F79EFBC}") = "OdeToFood", "src\OdeToFood\OdeToFood.csproj", "{47E39584-0FC5-41C8-AF1A-562050C2A2C3}"
EndProject
Global
	GlobalSection(SolutionConfigurationPlatforms) = preSolution
		Debug|Any CPU = Debug|Any CPU
		Debug|x64 = Debug|x64
		Debug|x86 = Debug|x86
		Release|Any CPU = Release|Any CPU
		Release|x64 = Release|x64
		Release|x86 = Release|x86
	EndGlobalSection
	GlobalSection(ProjectConfigurationPlatforms) = postSolution
		{47E39584-0FC5-41C8-AF1A-562050C2A2C3}.Debug|Any CPU.ActiveCfg = Debug|Any CPU
		{47E39584-0FC5-41C8-AF1A-562050C2A2C3}.Debug|Any CPU.Build.0 = Debug|Any CPU
		{47E39584-0FC5-41C8-AF1A-562050C2A2C3}.Debug|x64.ActiveCfg = Debug|Any CPU
		{47E39584-0FC5-41C8-AF1A-562050C2A2C3}.Debug|x64.Build.0 = Debug|Any CPU
		{47E39584-0FC5-41C8-AF1A-562050C2A2C3}.Debug|x86.ActiveCfg = Debug|Any CPU
		{47E39584-0FC5-41C8-AF1A-562050C2A2C3}.Debug|x86.Build.0 = Debug|Any CPU
		{47E39584-0FC5-41C8-AF1A-562050C2A2C3}.Release|Any CPU.ActiveCfg = Release|Any CPU
		{47E39584-0FC5-41C8-AF1A-562050C2A2C3}.Release|Any CPU.Build.0 = Release|Any CPU
		{47E39584-0FC5-41C8-AF1A-562050C2A2C3}.Release|x64.ActiveCfg = Release|Any CPU
		{47E39584-0FC5-41C8-AF1A-562050C2A2C3}.Release|x64.Build.0 = Release|Any CPU
		{47E39584-0FC5-41C8-AF1A-562050C2A2C3}.Release|x86.ActiveCfg = Release|Any CPU
		{47E39584-0FC5-41C8-AF1A-562050C2A2C3}.Release|x86.Build.0 = Release|Any CPU
	EndGlobalSection
	GlobalSection(SolutionProperties) = preSolution
		HideSolutionNode = FALSE
	EndGlobalSection
	GlobalSection(NestedProjects) = preSolution
		{47E39584-0FC5-41C8-AF1A-562050C2A2C3} = {CFA2E101-44DC-48CA-AB37-D3D01FE530D8}
	EndGlobalSection
EndGlobal
